
Microsoft Visual Studio Solution File, Format Version 12.00
# Visual Studio Version 17
VisualStudioVersion = 17.4.33403.182
MinimumVisualStudioVersion = 10.0.40219.1
Project("{FAE04EC0-301F-11D3-BF4B-00C04F79EFBC}") = "3_Module_String", "3_Module_String\3_Module_String.csproj", "{9FFBD75F-F0BD-46C9-B0CE-EE95654028E9}"
EndProject
Global
	GlobalSection(SolutionConfigurationPlatforms) = preSolution
		Debug|Any CPU = Debug|Any CPU
		Release|Any CPU = Release|Any CPU
	EndGlobalSection
	GlobalSection(ProjectConfigurationPlatforms) = postSolution
		{9FFBD75F-F0BD-46C9-B0CE-EE95654028E9}.Debug|Any CPU.ActiveCfg = Debug|Any CPU
		{9FFBD75F-F0BD-46C9-B0CE-EE95654028E9}.Debug|Any CPU.Build.0 = Debug|Any CPU
		{9FFBD75F-F0BD-46C9-B0CE-EE95654028E9}.Release|Any CPU.ActiveCfg = Release|Any CPU
		{9FFBD75F-F0BD-46C9-B0CE-EE95654028E9}.Release|Any CPU.Build.0 = Release|Any CPU
	EndGlobalSection
	GlobalSection(SolutionProperties) = preSolution
		HideSolutionNode = FALSE
	EndGlobalSection
	GlobalSection(ExtensibilityGlobals) = postSolution
		SolutionGuid = {1DDE0920-198D-4E7F-9E1E-962F1095F78C}
	EndGlobalSection
EndGlobal
